
Microsoft Visual Studio Solution File, Format Version 12.00
# Visual Studio Version 16
VisualStudioVersion = 16.0.30225.117
MinimumVisualStudioVersion = 10.0.40219.1
Project("{FAE04EC0-301F-11D3-BF4B-00C04F79EFBC}") = "BlockChainProject", "BlockChainProject\BlockChainProject.csproj", "{96991DCD-2DBA-4B42-B170-C477B9AD1B43}"
EndProject
Global
	GlobalSection(SolutionConfigurationPlatforms) = preSolution
		Debug|Any CPU = Debug|Any CPU
		Release|Any CPU = Release|Any CPU
	EndGlobalSection
	GlobalSection(ProjectConfigurationPlatforms) = postSolution
		{96991DCD-2DBA-4B42-B170-C477B9AD1B43}.Debug|Any CPU.ActiveCfg = Debug|Any CPU
		{96991DCD-2DBA-4B42-B170-C477B9AD1B43}.Debug|Any CPU.Build.0 = Debug|Any CPU
		{96991DCD-2DBA-4B42-B170-C477B9AD1B43}.Release|Any CPU.ActiveCfg = Release|Any CPU
		{96991DCD-2DBA-4B42-B170-C477B9AD1B43}.Release|Any CPU.Build.0 = Release|Any CPU
	EndGlobalSection
	GlobalSection(SolutionProperties) = preSolution
		HideSolutionNode = FALSE
	EndGlobalSection
	GlobalSection(ExtensibilityGlobals) = postSolution
		SolutionGuid = {CC5335BC-A842-43EC-89D4-B900A05CF342}
	EndGlobalSection
EndGlobal
